
Microsoft Visual Studio Solution File, Format Version 12.00
# Visual Studio 2012
Project("{FAE04EC0-301F-11D3-BF4B-00C04F79EFBC}") = "WebApplication4", "WebApplication4\WebApplication4.csproj", "{AA15BCC2-D449-42FC-9395-C20C0846ED4D}"
EndProject
Global
	GlobalSection(SolutionConfigurationPlatforms) = preSolution
		Debug|Any CPU = Debug|Any CPU
		Release|Any CPU = Release|Any CPU
	EndGlobalSection
	GlobalSection(ProjectConfigurationPlatforms) = postSolution
		{AA15BCC2-D449-42FC-9395-C20C0846ED4D}.Debug|Any CPU.ActiveCfg = Debug|Any CPU
		{AA15BCC2-D449-42FC-9395-C20C0846ED4D}.Debug|Any CPU.Build.0 = Debug|Any CPU
		{AA15BCC2-D449-42FC-9395-C20C0846ED4D}.Release|Any CPU.ActiveCfg = Release|Any CPU
		{AA15BCC2-D449-42FC-9395-C20C0846ED4D}.Release|Any CPU.Build.0 = Release|Any CPU
	EndGlobalSection
	GlobalSection(SolutionProperties) = preSolution
		HideSolutionNode = FALSE
	EndGlobalSection
	GlobalSection(Performance) = preSolution
		HasPerformanceSessions = true
	EndGlobalSection
EndGlobal
